
Microsoft Visual Studio Solution File, Format Version 12.00
# Visual Studio Version 16
VisualStudioVersion = 16.0.31702.278
MinimumVisualStudioVersion = 10.0.40219.1
Project("{E24C65DC-7377-472B-9ABA-BC803B73C61A}") = "ASP.Net1", ".", "{B640BB6E-9148-432F-8AC5-8A4EDA273D5D}"
	ProjectSection(WebsiteProperties) = preProject
		TargetFrameworkMoniker = ".NETFramework,Version%3Dv4.7.2"
		Debug.AspNetCompiler.VirtualPath = "/localhost_9688"
		Debug.AspNetCompiler.PhysicalPath = "..\ASP.Net1\"
		Debug.AspNetCompiler.TargetPath = "PrecompiledWeb\localhost_9688\"
		Debug.AspNetCompiler.Updateable = "true"
		Debug.AspNetCompiler.ForceOverwrite = "true"
		Debug.AspNetCompiler.FixedNames = "false"
		Debug.AspNetCompiler.Debug = "True"
		Release.AspNetCompiler.VirtualPath = "/localhost_9688"
		Release.AspNetCompiler.PhysicalPath = "..\ASP.Net1\"
		Release.AspNetCompiler.TargetPath = "PrecompiledWeb\localhost_9688\"
		Release.AspNetCompiler.Updateable = "true"
		Release.AspNetCompiler.ForceOverwrite = "true"
		Release.AspNetCompiler.FixedNames = "false"
		Release.AspNetCompiler.Debug = "False"
		VWDPort = "9688"
		SlnRelativePath = "..\ASP.Net1\"
		DefaultWebSiteLanguage = "Visual C#"
	EndProjectSection
EndProject
Global
	GlobalSection(SolutionConfigurationPlatforms) = preSolution
		Debug|Any CPU = Debug|Any CPU
	EndGlobalSection
	GlobalSection(ProjectConfigurationPlatforms) = postSolution
		{B640BB6E-9148-432F-8AC5-8A4EDA273D5D}.Debug|Any CPU.ActiveCfg = Debug|Any CPU
		{B640BB6E-9148-432F-8AC5-8A4EDA273D5D}.Debug|Any CPU.Build.0 = Debug|Any CPU
	EndGlobalSection
	GlobalSection(SolutionProperties) = preSolution
		HideSolutionNode = FALSE
	EndGlobalSection
	GlobalSection(ExtensibilityGlobals) = postSolution
		SolutionGuid = {6933FD45-1EBD-4B90-9D59-04D691F15E64}
	EndGlobalSection
EndGlobal
